// !$*UTF8*$!
{
	archiveVersion = 1;
	classes = {
	};
	objectVersion = 50;
	objects = {

/* Begin PBXBuildFile section */
		4B4442267BA192DDC220B8B7 /* Pods_SickBoys.framework in Frameworks */ = {isa = PBXBuildFile; fileRef = 27A6649C01D3BE40BEFE3CB0 /* Pods_SickBoys.framework */; };
		94DCD9AFB3A8C771ECF5BF86 /* Pods_SickBoysUITests.framework in Frameworks */ = {isa = PBXBuildFile; fileRef = C71B738F2E5EE70EBB836C2B /* Pods_SickBoysUITests.framework */; };
		BE14137D218A18C2003C9E0E /* AppDelegate.swift in Sources */ = {isa = PBXBuildFile; fileRef = BE14137C218A18C2003C9E0E /* AppDelegate.swift */; };
		BE141382218A18C2003C9E0E /* Main.storyboard in Resources */ = {isa = PBXBuildFile; fileRef = BE141380218A18C2003C9E0E /* Main.storyboard */; };
		BE141384218A18C8003C9E0E /* Assets.xcassets in Resources */ = {isa = PBXBuildFile; fileRef = BE141383218A18C8003C9E0E /* Assets.xcassets */; };
		BE141387218A18C8003C9E0E /* LaunchScreen.storyboard in Resources */ = {isa = PBXBuildFile; fileRef = BE141385218A18C8003C9E0E /* LaunchScreen.storyboard */; };
		BE141392218A18C8003C9E0E /* SickBoysTests.swift in Sources */ = {isa = PBXBuildFile; fileRef = BE141391218A18C8003C9E0E /* SickBoysTests.swift */; };
		BE14139D218A18C8003C9E0E /* SickBoysUITests.swift in Sources */ = {isa = PBXBuildFile; fileRef = BE14139C218A18C8003C9E0E /* SickBoysUITests.swift */; };
		BE1413AD218A1982003C9E0E /* SWRevealViewController.m in Sources */ = {isa = PBXBuildFile; fileRef = BE1413AC218A1982003C9E0E /* SWRevealViewController.m */; };
		BE1413AF218A2003003C9E0E /* ViewController.swift in Sources */ = {isa = PBXBuildFile; fileRef = BE1413AE218A2003003C9E0E /* ViewController.swift */; };
		BE577DCB21C0CA1D002A524A /* GoogleService-Info.plist in Resources */ = {isa = PBXBuildFile; fileRef = BE577DCA21C0CA1C002A524A /* GoogleService-Info.plist */; };
		BE577DCD21C0CC0A002A524A /* News.swift in Sources */ = {isa = PBXBuildFile; fileRef = BE577DCC21C0CC0A002A524A /* News.swift */; };
		BE577DCF21C0D03F002A524A /* NewsTableViewCell.swift in Sources */ = {isa = PBXBuildFile; fileRef = BE577DCE21C0D03F002A524A /* NewsTableViewCell.swift */; };
		BE577DD121C0D0A5002A524A /* NewsDetailViewController.swift in Sources */ = {isa = PBXBuildFile; fileRef = BE577DD021C0D0A5002A524A /* NewsDetailViewController.swift */; };
		BE577DD521C0D1B4002A524A /* NewsViewController.swift in Sources */ = {isa = PBXBuildFile; fileRef = BE577DD421C0D1B4002A524A /* NewsViewController.swift */; };
		BE5AB19821A3AB2A00B8CF1C /* MyList.swift in Sources */ = {isa = PBXBuildFile; fileRef = BE5AB19721A3AB2A00B8CF1C /* MyList.swift */; };
		BE5AB19C21A5CFD200B8CF1C /* DataManager.swift in Sources */ = {isa = PBXBuildFile; fileRef = BE5AB19B21A5CFD200B8CF1C /* DataManager.swift */; };
		BE67988421A773400068F4E3 /* MyListTableViewCell.swift in Sources */ = {isa = PBXBuildFile; fileRef = BE67988321A773400068F4E3 /* MyListTableViewCell.swift */; };
		BE67988821A7A08B0068F4E3 /* DetailViewController.swift in Sources */ = {isa = PBXBuildFile; fileRef = BE67988721A7A08B0068F4E3 /* DetailViewController.swift */; };
		BE93B39F218A3476000FC578 /* PopularViewController.swift in Sources */ = {isa = PBXBuildFile; fileRef = BE93B39E218A3476000FC578 /* PopularViewController.swift */; };
		BEA6B32B2195F386002C6A6F /* AddNewListViewController.swift in Sources */ = {isa = PBXBuildFile; fileRef = BEA6B32A2195F386002C6A6F /* AddNewListViewController.swift */; };
		BEB7A7D121A80BDD00DE1CB6 /* sickBoys.xcdatamodeld in Sources */ = {isa = PBXBuildFile; fileRef = BEB7A7CF21A80BDD00DE1CB6 /* sickBoys.xcdatamodeld */; };
		BEB7A7D421A80C7F00DE1CB6 /* MyList+CoreDataClass.swift in Sources */ = {isa = PBXBuildFile; fileRef = BEB7A7D221A80C7F00DE1CB6 /* MyList+CoreDataClass.swift */; };
		BEB7A7D521A80C7F00DE1CB6 /* MyList+CoreDataProperties.swift in Sources */ = {isa = PBXBuildFile; fileRef = BEB7A7D321A80C7F00DE1CB6 /* MyList+CoreDataProperties.swift */; };
		BEE86ABD218A4FD4001E3FDD /* NewestViewController.swift in Sources */ = {isa = PBXBuildFile; fileRef = BEE86ABC218A4FD4001E3FDD /* NewestViewController.swift */; };
		BEE86ABF218A50AD001E3FDD /* MyListViewController.swift in Sources */ = {isa = PBXBuildFile; fileRef = BEE86ABE218A50AD001E3FDD /* MyListViewController.swift */; };
		BEE86AC1218A51FE001E3FDD /* AboutViewController.swift in Sources */ = {isa = PBXBuildFile; fileRef = BEE86AC0218A51FE001E3FDD /* AboutViewController.swift */; };
		C1131ADAAC434A9FE4D01E2C /* Pods_SickBoysTests.framework in Frameworks */ = {isa = PBXBuildFile; fileRef = E0AB2F1AC86E48E31A0CE9FD /* Pods_SickBoysTests.framework */; };
/* End PBXBuildFile section */

/* Begin PBXContainerItemProxy section */
		BE14138E218A18C8003C9E0E /* PBXContainerItemProxy */ = {
			isa = PBXContainerItemProxy;
			containerPortal = BE141371218A18C2003C9E0E /* Project object */;
			proxyType = 1;
			remoteGlobalIDString = BE141378218A18C2003C9E0E;
			remoteInfo = SickBoys;
		};
		BE141399218A18C8003C9E0E /* PBXContainerItemProxy */ = {
			isa = PBXContainerItemProxy;
			containerPortal = BE141371218A18C2003C9E0E /* Project object */;
			proxyType = 1;
			remoteGlobalIDString = BE141378218A18C2003C9E0E;
			remoteInfo = SickBoys;
		};
/* End PBXContainerItemProxy section */

/* Begin PBXFileReference section */
		0E3CFF30C0F80E63E9D1FB0E /* Pods-SickBoys.release.xcconfig */ = {isa = PBXFileReference; includeInIndex = 1; lastKnownFileType = text.xcconfig; name = "Pods-SickBoys.release.xcconfig"; path = "Pods/Target Support Files/Pods-SickBoys/Pods-SickBoys.release.xcconfig"; sourceTree = "<group>"; };
		10B29F5E1C216C0C13469C9A /* Pods-SickBoysUITests.debug.xcconfig */ = {isa = PBXFileReference; includeInIndex = 1; lastKnownFileType = text.xcconfig; name = "Pods-SickBoysUITests.debug.xcconfig"; path = "Pods/Target Support Files/Pods-SickBoysUITests/Pods-SickBoysUITests.debug.xcconfig"; sourceTree = "<group>"; };
		1DE59363FEAC3A8CB2F7C8EB /* Pods-SickBoysUITests.release.xcconfig */ = {isa = PBXFileReference; includeInIndex = 1; lastKnownFileType = text.xcconfig; name = "Pods-SickBoysUITests.release.xcconfig"; path = "Pods/Target Support Files/Pods-SickBoysUITests/Pods-SickBoysUITests.release.xcconfig"; sourceTree = "<group>"; };
		27A6649C01D3BE40BEFE3CB0 /* Pods_SickBoys.framework */ = {isa = PBXFileReference; explicitFileType = wrapper.framework; includeInIndex = 0; path = Pods_SickBoys.framework; sourceTree = BUILT_PRODUCTS_DIR; };
		5112ECCB0A00A0336034379A /* Pods-SickBoys.debug.xcconfig */ = {isa = PBXFileReference; includeInIndex = 1; lastKnownFileType = text.xcconfig; name = "Pods-SickBoys.debug.xcconfig"; path = "Pods/Target Support Files/Pods-SickBoys/Pods-SickBoys.debug.xcconfig"; sourceTree = "<group>"; };
		608B3A5EC261D0830E79C538 /* Pods-SickBoysTests.release.xcconfig */ = {isa = PBXFileReference; includeInIndex = 1; lastKnownFileType = text.xcconfig; name = "Pods-SickBoysTests.release.xcconfig"; path = "Pods/Target Support Files/Pods-SickBoysTests/Pods-SickBoysTests.release.xcconfig"; sourceTree = "<group>"; };
		6F5CDC6AF6E17B06F0A69EC5 /* Pods-SickBoysTests.debug.xcconfig */ = {isa = PBXFileReference; includeInIndex = 1; lastKnownFileType = text.xcconfig; name = "Pods-SickBoysTests.debug.xcconfig"; path = "Pods/Target Support Files/Pods-SickBoysTests/Pods-SickBoysTests.debug.xcconfig"; sourceTree = "<group>"; };
		BE141379218A18C2003C9E0E /* SickBoys.app */ = {isa = PBXFileReference; explicitFileType = wrapper.application; includeInIndex = 0; path = SickBoys.app; sourceTree = BUILT_PRODUCTS_DIR; };
		BE14137C218A18C2003C9E0E /* AppDelegate.swift */ = {isa = PBXFileReference; lastKnownFileType = sourcecode.swift; path = AppDelegate.swift; sourceTree = "<group>"; };
		BE141381218A18C2003C9E0E /* Base */ = {isa = PBXFileReference; lastKnownFileType = file.storyboard; name = Base; path = Base.lproj/Main.storyboard; sourceTree = "<group>"; };
		BE141383218A18C8003C9E0E /* Assets.xcassets */ = {isa = PBXFileReference; lastKnownFileType = folder.assetcatalog; path = Assets.xcassets; sourceTree = "<group>"; };
		BE141386218A18C8003C9E0E /* Base */ = {isa = PBXFileReference; lastKnownFileType = file.storyboard; name = Base; path = Base.lproj/LaunchScreen.storyboard; sourceTree = "<group>"; };
		BE141388218A18C8003C9E0E /* Info.plist */ = {isa = PBXFileReference; lastKnownFileType = text.plist.xml; path = Info.plist; sourceTree = "<group>"; };
		BE14138D218A18C8003C9E0E /* SickBoysTests.xctest */ = {isa = PBXFileReference; explicitFileType = wrapper.cfbundle; includeInIndex = 0; path = SickBoysTests.xctest; sourceTree = BUILT_PRODUCTS_DIR; };
		BE141391218A18C8003C9E0E /* SickBoysTests.swift */ = {isa = PBXFileReference; lastKnownFileType = sourcecode.swift; path = SickBoysTests.swift; sourceTree = "<group>"; };
		BE141393218A18C8003C9E0E /* Info.plist */ = {isa = PBXFileReference; lastKnownFileType = text.plist.xml; path = Info.plist; sourceTree = "<group>"; };
		BE141398218A18C8003C9E0E /* SickBoysUITests.xctest */ = {isa = PBXFileReference; explicitFileType = wrapper.cfbundle; includeInIndex = 0; path = SickBoysUITests.xctest; sourceTree = BUILT_PRODUCTS_DIR; };
		BE14139C218A18C8003C9E0E /* SickBoysUITests.swift */ = {isa = PBXFileReference; lastKnownFileType = sourcecode.swift; path = SickBoysUITests.swift; sourceTree = "<group>"; };
		BE14139E218A18C8003C9E0E /* Info.plist */ = {isa = PBXFileReference; lastKnownFileType = text.plist.xml; path = Info.plist; sourceTree = "<group>"; };
		BE1413AA218A1981003C9E0E /* SickBoys-Bridging-Header.h */ = {isa = PBXFileReference; lastKnownFileType = sourcecode.c.h; path = "SickBoys-Bridging-Header.h"; sourceTree = "<group>"; };
		BE1413AB218A1982003C9E0E /* SWRevealViewController.h */ = {isa = PBXFileReference; fileEncoding = 4; lastKnownFileType = sourcecode.c.h; path = SWRevealViewController.h; sourceTree = "<group>"; };
		BE1413AC218A1982003C9E0E /* SWRevealViewController.m */ = {isa = PBXFileReference; fileEncoding = 4; lastKnownFileType = sourcecode.c.objc; path = SWRevealViewController.m; sourceTree = "<group>"; };
		BE1413AE218A2003003C9E0E /* ViewController.swift */ = {isa = PBXFileReference; lastKnownFileType = sourcecode.swift; path = ViewController.swift; sourceTree = "<group>"; };
		BE577DCA21C0CA1C002A524A /* GoogleService-Info.plist */ = {isa = PBXFileReference; fileEncoding = 4; lastKnownFileType = text.plist.xml; path = "GoogleService-Info.plist"; sourceTree = "<group>"; };
		BE577DCC21C0CC0A002A524A /* News.swift */ = {isa = PBXFileReference; lastKnownFileType = sourcecode.swift; path = News.swift; sourceTree = "<group>"; };
		BE577DCE21C0D03F002A524A /* NewsTableViewCell.swift */ = {isa = PBXFileReference; lastKnownFileType = sourcecode.swift; path = NewsTableViewCell.swift; sourceTree = "<group>"; };
		BE577DD021C0D0A5002A524A /* NewsDetailViewController.swift */ = {isa = PBXFileReference; lastKnownFileType = sourcecode.swift; path = NewsDetailViewController.swift; sourceTree = "<group>"; };
		BE577DD421C0D1B4002A524A /* NewsViewController.swift */ = {isa = PBXFileReference; lastKnownFileType = sourcecode.swift; path = NewsViewController.swift; sourceTree = "<group>"; };
		BE5AB19721A3AB2A00B8CF1C /* MyList.swift */ = {isa = PBXFileReference; lastKnownFileType = sourcecode.swift; path = MyList.swift; sourceTree = "<group>"; };
		BE5AB19B21A5CFD200B8CF1C /* DataManager.swift */ = {isa = PBXFileReference; lastKnownFileType = sourcecode.swift; path = DataManager.swift; sourceTree = "<group>"; };
		BE67988321A773400068F4E3 /* MyListTableViewCell.swift */ = {isa = PBXFileReference; fileEncoding = 4; lastKnownFileType = sourcecode.swift; path = MyListTableViewCell.swift; sourceTree = "<group>"; };
		BE67988721A7A08B0068F4E3 /* DetailViewController.swift */ = {isa = PBXFileReference; lastKnownFileType = sourcecode.swift; path = DetailViewController.swift; sourceTree = "<group>"; };
		BE93B39E218A3476000FC578 /* PopularViewController.swift */ = {isa = PBXFileReference; lastKnownFileType = sourcecode.swift; path = PopularViewController.swift; sourceTree = "<group>"; };
		BEA6B32A2195F386002C6A6F /* AddNewListViewController.swift */ = {isa = PBXFileReference; lastKnownFileType = sourcecode.swift; path = AddNewListViewController.swift; sourceTree = "<group>"; wrapsLines = 0; };
		BEB7A7D021A80BDD00DE1CB6 /* sickBoys.xcdatamodel */ = {isa = PBXFileReference; lastKnownFileType = wrapper.xcdatamodel; path = sickBoys.xcdatamodel; sourceTree = "<group>"; };
		BEB7A7D221A80C7F00DE1CB6 /* MyList+CoreDataClass.swift */ = {isa = PBXFileReference; lastKnownFileType = sourcecode.swift; path = "MyList+CoreDataClass.swift"; sourceTree = "<group>"; };
		BEB7A7D321A80C7F00DE1CB6 /* MyList+CoreDataProperties.swift */ = {isa = PBXFileReference; lastKnownFileType = sourcecode.swift; path = "MyList+CoreDataProperties.swift"; sourceTree = "<group>"; };
		BEE86ABC218A4FD4001E3FDD /* NewestViewController.swift */ = {isa = PBXFileReference; lastKnownFileType = sourcecode.swift; path = NewestViewController.swift; sourceTree = "<group>"; };
		BEE86ABE218A50AD001E3FDD /* MyListViewController.swift */ = {isa = PBXFileReference; lastKnownFileType = sourcecode.swift; path = MyListViewController.swift; sourceTree = "<group>"; };
		BEE86AC0218A51FE001E3FDD /* AboutViewController.swift */ = {isa = PBXFileReference; lastKnownFileType = sourcecode.swift; path = AboutViewController.swift; sourceTree = "<group>"; };
		C71B738F2E5EE70EBB836C2B /* Pods_SickBoysUITests.framework */ = {isa = PBXFileReference; explicitFileType = wrapper.framework; includeInIndex = 0; path = Pods_SickBoysUITests.framework; sourceTree = BUILT_PRODUCTS_DIR; };
		E0AB2F1AC86E48E31A0CE9FD /* Pods_SickBoysTests.framework */ = {isa = PBXFileReference; explicitFileType = wrapper.framework; includeInIndex = 0; path = Pods_SickBoysTests.framework; sourceTree = BUILT_PRODUCTS_DIR; };
/* End PBXFileReference section */

/* Begin PBXFrameworksBuildPhase section */
		BE141376218A18C2003C9E0E /* Frameworks */ = {
			isa = PBXFrameworksBuildPhase;
			buildActionMask = 2147483647;
			files = (
				4B4442267BA192DDC220B8B7 /* Pods_SickBoys.framework in Frameworks */,
			);
			runOnlyForDeploymentPostprocessing = 0;
		};
		BE14138A218A18C8003C9E0E /* Frameworks */ = {
			isa = PBXFrameworksBuildPhase;
			buildActionMask = 2147483647;
			files = (
				C1131ADAAC434A9FE4D01E2C /* Pods_SickBoysTests.framework in Frameworks */,
			);
			runOnlyForDeploymentPostprocessing = 0;
		};
		BE141395218A18C8003C9E0E /* Frameworks */ = {
			isa = PBXFrameworksBuildPhase;
			buildActionMask = 2147483647;
			files = (
				94DCD9AFB3A8C771ECF5BF86 /* Pods_SickBoysUITests.framework in Frameworks */,
			);
			runOnlyForDeploymentPostprocessing = 0;
		};
/* End PBXFrameworksBuildPhase section */

/* Begin PBXGroup section */
		0AD3DFC5F39895B92221DF33 /* Frameworks */ = {
			isa = PBXGroup;
			children = (
				27A6649C01D3BE40BEFE3CB0 /* Pods_SickBoys.framework */,
				E0AB2F1AC86E48E31A0CE9FD /* Pods_SickBoysTests.framework */,
				C71B738F2E5EE70EBB836C2B /* Pods_SickBoysUITests.framework */,
			);
			name = Frameworks;
			sourceTree = "<group>";
		};
		BE141370218A18C2003C9E0E = {
			isa = PBXGroup;
			children = (
				BEB7A7D221A80C7F00DE1CB6 /* MyList+CoreDataClass.swift */,
				BEB7A7D321A80C7F00DE1CB6 /* MyList+CoreDataProperties.swift */,
				BE14137B218A18C2003C9E0E /* SickBoys */,
				BE141390218A18C8003C9E0E /* SickBoysTests */,
				BE14139B218A18C8003C9E0E /* SickBoysUITests */,
				BE14137A218A18C2003C9E0E /* Products */,
				FFB22F32AF6AEB1B6E647B7C /* Pods */,
				0AD3DFC5F39895B92221DF33 /* Frameworks */,
			);
			sourceTree = "<group>";
		};
		BE14137A218A18C2003C9E0E /* Products */ = {
			isa = PBXGroup;
			children = (
				BE141379218A18C2003C9E0E /* SickBoys.app */,
				BE14138D218A18C8003C9E0E /* SickBoysTests.xctest */,
				BE141398218A18C8003C9E0E /* SickBoysUITests.xctest */,
			);
			name = Products;
			sourceTree = "<group>";
		};
		BE14137B218A18C2003C9E0E /* SickBoys */ = {
			isa = PBXGroup;
			children = (
				BE14137C218A18C2003C9E0E /* AppDelegate.swift */,
				BEB7A7CF21A80BDD00DE1CB6 /* sickBoys.xcdatamodeld */,
				BE141380218A18C2003C9E0E /* Main.storyboard */,
				BE141383218A18C8003C9E0E /* Assets.xcassets */,
				BE141385218A18C8003C9E0E /* LaunchScreen.storyboard */,
				BE577DCA21C0CA1C002A524A /* GoogleService-Info.plist */,
				BE141388218A18C8003C9E0E /* Info.plist */,
				BE1413AA218A1981003C9E0E /* SickBoys-Bridging-Header.h */,
				BE577DCC21C0CC0A002A524A /* News.swift */,
				BEE86AB7218A4DA0001E3FDD /* ViewController */,
				BEB7A7CE21A80B1900DE1CB6 /* unuse */,
				BE93B39A218A2F0E000FC578 /* NavBar */,
			);
			path = SickBoys;
			sourceTree = "<group>";
		};
		BE141390218A18C8003C9E0E /* SickBoysTests */ = {
			isa = PBXGroup;
			children = (
				BE141391218A18C8003C9E0E /* SickBoysTests.swift */,
				BE141393218A18C8003C9E0E /* Info.plist */,
			);
			path = SickBoysTests;
			sourceTree = "<group>";
		};
		BE14139B218A18C8003C9E0E /* SickBoysUITests */ = {
			isa = PBXGroup;
			children = (
				BE14139C218A18C8003C9E0E /* SickBoysUITests.swift */,
				BE14139E218A18C8003C9E0E /* Info.plist */,
			);
			path = SickBoysUITests;
			sourceTree = "<group>";
		};
		BE93B39A218A2F0E000FC578 /* NavBar */ = {
			isa = PBXGroup;
			children = (
				BE1413AB218A1982003C9E0E /* SWRevealViewController.h */,
				BE1413AC218A1982003C9E0E /* SWRevealViewController.m */,
			);
			path = NavBar;
			sourceTree = "<group>";
		};
		BEB7A7CE21A80B1900DE1CB6 /* unuse */ = {
			isa = PBXGroup;
			children = (
				BE5AB19B21A5CFD200B8CF1C /* DataManager.swift */,
				BE5AB19721A3AB2A00B8CF1C /* MyList.swift */,
			);
			path = unuse;
			sourceTree = "<group>";
		};
		BEE86AB7218A4DA0001E3FDD /* ViewController */ = {
			isa = PBXGroup;
			children = (
				BE1413AE218A2003003C9E0E /* ViewController.swift */,
				BE577DD021C0D0A5002A524A /* NewsDetailViewController.swift */,
				BE577DD421C0D1B4002A524A /* NewsViewController.swift */,
				BE577DCE21C0D03F002A524A /* NewsTableViewCell.swift */,
				BE93B39E218A3476000FC578 /* PopularViewController.swift */,
				BEE86ABC218A4FD4001E3FDD /* NewestViewController.swift */,
				BEE86ABE218A50AD001E3FDD /* MyListViewController.swift */,
				BE67988321A773400068F4E3 /* MyListTableViewCell.swift */,
				BEA6B32A2195F386002C6A6F /* AddNewListViewController.swift */,
				BE67988721A7A08B0068F4E3 /* DetailViewController.swift */,
				BEE86AC0218A51FE001E3FDD /* AboutViewController.swift */,
			);
			name = ViewController;
			sourceTree = "<group>";
		};
		FFB22F32AF6AEB1B6E647B7C /* Pods */ = {
			isa = PBXGroup;
			children = (
				5112ECCB0A00A0336034379A /* Pods-SickBoys.debug.xcconfig */,
				0E3CFF30C0F80E63E9D1FB0E /* Pods-SickBoys.release.xcconfig */,
				6F5CDC6AF6E17B06F0A69EC5 /* Pods-SickBoysTests.debug.xcconfig */,
				608B3A5EC261D0830E79C538 /* Pods-SickBoysTests.release.xcconfig */,
				10B29F5E1C216C0C13469C9A /* Pods-SickBoysUITests.debug.xcconfig */,
				1DE59363FEAC3A8CB2F7C8EB /* Pods-SickBoysUITests.release.xcconfig */,
			);
			name = Pods;
			sourceTree = "<group>";
		};
/* End PBXGroup section */

/* Begin PBXNativeTarget section */
		BE141378218A18C2003C9E0E /* SickBoys */ = {
			isa = PBXNativeTarget;
			buildConfigurationList = BE1413A1218A18C8003C9E0E /* Build configuration list for PBXNativeTarget "SickBoys" */;
			buildPhases = (
				4DB9AC81B5DADC8F54C62A9B /* [CP] Check Pods Manifest.lock */,
				BE141375218A18C2003C9E0E /* Sources */,
				BE141376218A18C2003C9E0E /* Frameworks */,
				BE141377218A18C2003C9E0E /* Resources */,
				816A7E1C26E2B3CAA7D0C1A8 /* [CP] Embed Pods Frameworks */,
			);
			buildRules = (
			);
			dependencies = (
			);
			name = SickBoys;
			productName = SickBoys;
			productReference = BE141379218A18C2003C9E0E /* SickBoys.app */;
			productType = "com.apple.product-type.application";
		};
		BE14138C218A18C8003C9E0E /* SickBoysTests */ = {
			isa = PBXNativeTarget;
			buildConfigurationList = BE1413A4218A18C8003C9E0E /* Build configuration list for PBXNativeTarget "SickBoysTests" */;
			buildPhases = (
				3599255CB6C78E1E9218B90F /* [CP] Check Pods Manifest.lock */,
				BE141389218A18C8003C9E0E /* Sources */,
				BE14138A218A18C8003C9E0E /* Frameworks */,
				BE14138B218A18C8003C9E0E /* Resources */,
			);
			buildRules = (
			);
			dependencies = (
				BE14138F218A18C8003C9E0E /* PBXTargetDependency */,
			);
			name = SickBoysTests;
			productName = SickBoysTests;
			productReference = BE14138D218A18C8003C9E0E /* SickBoysTests.xctest */;
			productType = "com.apple.product-type.bundle.unit-test";
		};
		BE141397218A18C8003C9E0E /* SickBoysUITests */ = {
			isa = PBXNativeTarget;
			buildConfigurationList = BE1413A7218A18C8003C9E0E /* Build configuration list for PBXNativeTarget "SickBoysUITests" */;
			buildPhases = (
				0A8432BBBFDED6AE22A28FF9 /* [CP] Check Pods Manifest.lock */,
				BE141394218A18C8003C9E0E /* Sources */,
				BE141395218A18C8003C9E0E /* Frameworks */,
				BE141396218A18C8003C9E0E /* Resources */,
			);
			buildRules = (
			);
			dependencies = (
				BE14139A218A18C8003C9E0E /* PBXTargetDependency */,
			);
			name = SickBoysUITests;
			productName = SickBoysUITests;
			productReference = BE141398218A18C8003C9E0E /* SickBoysUITests.xctest */;
			productType = "com.apple.product-type.bundle.ui-testing";
		};
/* End PBXNativeTarget section */

/* Begin PBXProject section */
		BE141371218A18C2003C9E0E /* Project object */ = {
			isa = PBXProject;
			attributes = {
				LastSwiftUpdateCheck = 1010;
				LastUpgradeCheck = 1010;
				ORGANIZATIONNAME = wrj.s;
				TargetAttributes = {
					BE141378218A18C2003C9E0E = {
						CreatedOnToolsVersion = 10.1;
						LastSwiftMigration = 1010;
					};
					BE14138C218A18C8003C9E0E = {
						CreatedOnToolsVersion = 10.1;
						TestTargetID = BE141378218A18C2003C9E0E;
					};
					BE141397218A18C8003C9E0E = {
						CreatedOnToolsVersion = 10.1;
						TestTargetID = BE141378218A18C2003C9E0E;
					};
				};
			};
			buildConfigurationList = BE141374218A18C2003C9E0E /* Build configuration list for PBXProject "SickBoys" */;
			compatibilityVersion = "Xcode 9.3";
			developmentRegion = en;
			hasScannedForEncodings = 0;
			knownRegions = (
				en,
				Base,
			);
			mainGroup = BE141370218A18C2003C9E0E;
			productRefGroup = BE14137A218A18C2003C9E0E /* Products */;
			projectDirPath = "";
			projectRoot = "";
			targets = (
				BE141378218A18C2003C9E0E /* SickBoys */,
				BE14138C218A18C8003C9E0E /* SickBoysTests */,
				BE141397218A18C8003C9E0E /* SickBoysUITests */,
			);
		};
/* End PBXProject section */

/* Begin PBXResourcesBuildPhase section */
		BE141377218A18C2003C9E0E /* Resources */ = {
			isa = PBXResourcesBuildPhase;
			buildActionMask = 2147483647;
			files = (
				BE141387218A18C8003C9E0E /* LaunchScreen.storyboard in Resources */,
				BE577DCB21C0CA1D002A524A /* GoogleService-Info.plist in Resources */,
				BE141384218A18C8003C9E0E /* Assets.xcassets in Resources */,
				BE141382218A18C2003C9E0E /* Main.storyboard in Resources */,
			);
			runOnlyForDeploymentPostprocessing = 0;
		};
		BE14138B218A18C8003C9E0E /* Resources */ = {
			isa = PBXResourcesBuildPhase;
			buildActionMask = 2147483647;
			files = (
			);
			runOnlyForDeploymentPostprocessing = 0;
		};
		BE141396218A18C8003C9E0E /* Resources */ = {
			isa = PBXResourcesBuildPhase;
			buildActionMask = 2147483647;
			files = (
			);
			runOnlyForDeploymentPostprocessing = 0;
		};
/* End PBXResourcesBuildPhase section */

/* Begin PBXShellScriptBuildPhase section */
		0A8432BBBFDED6AE22A28FF9 /* [CP] Check Pods Manifest.lock */ = {
			isa = PBXShellScriptBuildPhase;
			buildActionMask = 2147483647;
			files = (
			);
			inputFileListPaths = (
			);
			inputPaths = (
				"${PODS_PODFILE_DIR_PATH}/Podfile.lock",
				"${PODS_ROOT}/Manifest.lock",
			);
			name = "[CP] Check Pods Manifest.lock";
			outputFileListPaths = (
			);
			outputPaths = (
				"$(DERIVED_FILE_DIR)/Pods-SickBoysUITests-checkManifestLockResult.txt",
			);
			runOnlyForDeploymentPostprocessing = 0;
			shellPath = /bin/sh;
			shellScript = "diff \"${PODS_PODFILE_DIR_PATH}/Podfile.lock\" \"${PODS_ROOT}/Manifest.lock\" > /dev/null\nif [ $? != 0 ] ; then\n    # print error to STDERR\n    echo \"error: The sandbox is not in sync with the Podfile.lock. Run 'pod install' or update your CocoaPods installation.\" >&2\n    exit 1\nfi\n# This output is used by Xcode 'outputs' to avoid re-running this script phase.\necho \"SUCCESS\" > \"${SCRIPT_OUTPUT_FILE_0}\"\n";
			showEnvVarsInLog = 0;
		};
		3599255CB6C78E1E9218B90F /* [CP] Check Pods Manifest.lock */ = {
			isa = PBXShellScriptBuildPhase;
			buildActionMask = 2147483647;
			files = (
			);
			inputFileListPaths = (
			);
			inputPaths = (
				"${PODS_PODFILE_DIR_PATH}/Podfile.lock",
				"${PODS_ROOT}/Manifest.lock",
			);
			name = "[CP] Check Pods Manifest.lock";
			outputFileListPaths = (
			);
			outputPaths = (
				"$(DERIVED_FILE_DIR)/Pods-SickBoysTests-checkManifestLockResult.txt",
			);
			runOnlyForDeploymentPostprocessing = 0;
			shellPath = /bin/sh;
			shellScript = "diff \"${PODS_PODFILE_DIR_PATH}/Podfile.lock\" \"${PODS_ROOT}/Manifest.lock\" > /dev/null\nif [ $? != 0 ] ; then\n    # print error to STDERR\n    echo \"error: The sandbox is not in sync with the Podfile.lock. Run 'pod install' or update your CocoaPods installation.\" >&2\n    exit 1\nfi\n# This output is used by Xcode 'outputs' to avoid re-running this script phase.\necho \"SUCCESS\" > \"${SCRIPT_OUTPUT_FILE_0}\"\n";
			showEnvVarsInLog = 0;
		};
		4DB9AC81B5DADC8F54C62A9B /* [CP] Check Pods Manifest.lock */ = {
			isa = PBXShellScriptBuildPhase;
			buildActionMask = 2147483647;
			files = (
			);
			inputFileListPaths = (
			);
			inputPaths = (
				"${PODS_PODFILE_DIR_PATH}/Podfile.lock",
				"${PODS_ROOT}/Manifest.lock",
			);
			name = "[CP] Check Pods Manifest.lock";
			outputFileListPaths = (
			);
			outputPaths = (
				"$(DERIVED_FILE_DIR)/Pods-SickBoys-checkManifestLockResult.txt",
			);
			runOnlyForDeploymentPostprocessing = 0;
			shellPath = /bin/sh;
			shellScript = "diff \"${PODS_PODFILE_DIR_PATH}/Podfile.lock\" \"${PODS_ROOT}/Manifest.lock\" > /dev/null\nif [ $? != 0 ] ; then\n    # print error to STDERR\n    echo \"error: The sandbox is not in sync with the Podfile.lock. Run 'pod install' or update your CocoaPods installation.\" >&2\n    exit 1\nfi\n# This output is used by Xcode 'outputs' to avoid re-running this script phase.\necho \"SUCCESS\" > \"${SCRIPT_OUTPUT_FILE_0}\"\n";
			showEnvVarsInLog = 0;
		};
		816A7E1C26E2B3CAA7D0C1A8 /* [CP] Embed Pods Frameworks */ = {
			isa = PBXShellScriptBuildPhase;
			buildActionMask = 2147483647;
			files = (
			);
			inputFileListPaths = (
			);
			inputPaths = (
				"${SRCROOT}/Pods/Target Support Files/Pods-SickBoys/Pods-SickBoys-frameworks.sh",
				"${BUILT_PRODUCTS_DIR}/GTMSessionFetcher/GTMSessionFetcher.framework",
				"${BUILT_PRODUCTS_DIR}/GoogleUtilities/GoogleUtilities.framework",
				"${BUILT_PRODUCTS_DIR}/SwiftyJSON/SwiftyJSON.framework",
				"${BUILT_PRODUCTS_DIR}/leveldb-library/leveldb.framework",
				"${BUILT_PRODUCTS_DIR}/nanopb/nanopb.framework",
			);
			name = "[CP] Embed Pods Frameworks";
			outputFileListPaths = (
			);
			outputPaths = (
				"${TARGET_BUILD_DIR}/${FRAMEWORKS_FOLDER_PATH}/GTMSessionFetcher.framework",
				"${TARGET_BUILD_DIR}/${FRAMEWORKS_FOLDER_PATH}/GoogleUtilities.framework",
				"${TARGET_BUILD_DIR}/${FRAMEWORKS_FOLDER_PATH}/SwiftyJSON.framework",
				"${TARGET_BUILD_DIR}/${FRAMEWORKS_FOLDER_PATH}/leveldb.framework",
				"${TARGET_BUILD_DIR}/${FRAMEWORKS_FOLDER_PATH}/nanopb.framework",
			);
			runOnlyForDeploymentPostprocessing = 0;
			shellPath = /bin/sh;
			shellScript = "\"${SRCROOT}/Pods/Target Support Files/Pods-SickBoys/Pods-SickBoys-frameworks.sh\"\n";
			showEnvVarsInLog = 0;
		};
/* End PBXShellScriptBuildPhase section */

/* Begin PBXSourcesBuildPhase section */
		BE141375218A18C2003C9E0E /* Sources */ = {
			isa = PBXSourcesBuildPhase;
			buildActionMask = 2147483647;
			files = (
				BE67988821A7A08B0068F4E3 /* DetailViewController.swift in Sources */,
				BE5AB19C21A5CFD200B8CF1C /* DataManager.swift in Sources */,
				BEE86ABD218A4FD4001E3FDD /* NewestViewController.swift in Sources */,
				BEB7A7D421A80C7F00DE1CB6 /* MyList+CoreDataClass.swift in Sources */,
				BE93B39F218A3476000FC578 /* PopularViewController.swift in Sources */,
				BEB7A7D121A80BDD00DE1CB6 /* sickBoys.xcdatamodeld in Sources */,
				BEE86ABF218A50AD001E3FDD /* MyListViewController.swift in Sources */,
				BE577DD521C0D1B4002A524A /* NewsViewController.swift in Sources */,
				BEB7A7D521A80C7F00DE1CB6 /* MyList+CoreDataProperties.swift in Sources */,
				BE577DCF21C0D03F002A524A /* NewsTableViewCell.swift in Sources */,
				BE1413AF218A2003003C9E0E /* ViewController.swift in Sources */,
				BE67988421A773400068F4E3 /* MyListTableViewCell.swift in Sources */,
				BE14137D218A18C2003C9E0E /* AppDelegate.swift in Sources */,
				BEA6B32B2195F386002C6A6F /* AddNewListViewController.swift in Sources */,
				BEE86AC1218A51FE001E3FDD /* AboutViewController.swift in Sources */,
				BE1413AD218A1982003C9E0E /* SWRevealViewController.m in Sources */,
				BE577DCD21C0CC0A002A524A /* News.swift in Sources */,
				BE5AB19821A3AB2A00B8CF1C /* MyList.swift in Sources */,
				BE577DD121C0D0A5002A524A /* NewsDetailViewController.swift in Sources */,
			);
			runOnlyForDeploymentPostprocessing = 0;
		};
		BE141389218A18C8003C9E0E /* Sources */ = {
			isa = PBXSourcesBuildPhase;
			buildActionMask = 2147483647;
			files = (
				BE141392218A18C8003C9E0E /* SickBoysTests.swift in Sources */,
			);
			runOnlyForDeploymentPostprocessing = 0;
		};
		BE141394218A18C8003C9E0E /* Sources */ = {
			isa = PBXSourcesBuildPhase;
			buildActionMask = 2147483647;
			files = (
				BE14139D218A18C8003C9E0E /* SickBoysUITests.swift in Sources */,
			);
			runOnlyForDeploymentPostprocessing = 0;
		};
/* End PBXSourcesBuildPhase section */

/* Begin PBXTargetDependency section */
		BE14138F218A18C8003C9E0E /* PBXTargetDependency */ = {
			isa = PBXTargetDependency;
			target = BE141378218A18C2003C9E0E /* SickBoys */;
			targetProxy = BE14138E218A18C8003C9E0E /* PBXContainerItemProxy */;
		};
		BE14139A218A18C8003C9E0E /* PBXTargetDependency */ = {
			isa = PBXTargetDependency;
			target = BE141378218A18C2003C9E0E /* SickBoys */;
			targetProxy = BE141399218A18C8003C9E0E /* PBXContainerItemProxy */;
		};
/* End PBXTargetDependency section */

/* Begin PBXVariantGroup section */
		BE141380218A18C2003C9E0E /* Main.storyboard */ = {
			isa = PBXVariantGroup;
			children = (
				BE141381218A18C2003C9E0E /* Base */,
			);
			name = Main.storyboard;
			sourceTree = "<group>";
		};
		BE141385218A18C8003C9E0E /* LaunchScreen.storyboard */ = {
			isa = PBXVariantGroup;
			children = (
				BE141386218A18C8003C9E0E /* Base */,
			);
			name = LaunchScreen.storyboard;
			sourceTree = "<group>";
		};
/* End PBXVariantGroup section */

/* Begin XCBuildConfiguration section */
		BE14139F218A18C8003C9E0E /* Debug */ = {
			isa = XCBuildConfiguration;
			buildSettings = {
				ALWAYS_SEARCH_USER_PATHS = NO;
				CLANG_ANALYZER_NONNULL = YES;
				CLANG_ANALYZER_NUMBER_OBJECT_CONVERSION = YES_AGGRESSIVE;
				CLANG_CXX_LANGUAGE_STANDARD = "gnu++14";
				CLANG_CXX_LIBRARY = "libc++";
				CLANG_ENABLE_MODULES = YES;
				CLANG_ENABLE_OBJC_ARC = YES;
				CLANG_ENABLE_OBJC_WEAK = YES;
				CLANG_WARN_BLOCK_CAPTURE_AUTORELEASING = YES;
				CLANG_WARN_BOOL_CONVERSION = YES;
				CLANG_WARN_COMMA = YES;
				CLANG_WARN_CONSTANT_CONVERSION = YES;
				CLANG_WARN_DEPRECATED_OBJC_IMPLEMENTATIONS = YES;
				CLANG_WARN_DIRECT_OBJC_ISA_USAGE = YES_ERROR;
				CLANG_WARN_DOCUMENTATION_COMMENTS = YES;
				CLANG_WARN_EMPTY_BODY = YES;
				CLANG_WARN_ENUM_CONVERSION = YES;
				CLANG_WARN_INFINITE_RECURSION = YES;
				CLANG_WARN_INT_CONVERSION = YES;
				CLANG_WARN_NON_LITERAL_NULL_CONVERSION = YES;
				CLANG_WARN_OBJC_IMPLICIT_RETAIN_SELF = YES;
				CLANG_WARN_OBJC_LITERAL_CONVERSION = YES;
				CLANG_WARN_OBJC_ROOT_CLASS = YES_ERROR;
				CLANG_WARN_RANGE_LOOP_ANALYSIS = YES;
				CLANG_WARN_STRICT_PROTOTYPES = YES;
				CLANG_WARN_SUSPICIOUS_MOVE = YES;
				CLANG_WARN_UNGUARDED_AVAILABILITY = YES_AGGRESSIVE;
				CLANG_WARN_UNREACHABLE_CODE = YES;
				CLANG_WARN__DUPLICATE_METHOD_MATCH = YES;
				CODE_SIGN_IDENTITY = "iPhone Developer";
				COPY_PHASE_STRIP = NO;
				DEBUG_INFORMATION_FORMAT = dwarf;
				ENABLE_STRICT_OBJC_MSGSEND = YES;
				ENABLE_TESTABILITY = YES;
				GCC_C_LANGUAGE_STANDARD = gnu11;
				GCC_DYNAMIC_NO_PIC = NO;
				GCC_NO_COMMON_BLOCKS = YES;
				GCC_OPTIMIZATION_LEVEL = 0;
				GCC_PREPROCESSOR_DEFINITIONS = (
					"DEBUG=1",
					"$(inherited)",
				);
				GCC_WARN_64_TO_32_BIT_CONVERSION = YES;
				GCC_WARN_ABOUT_RETURN_TYPE = YES_ERROR;
				GCC_WARN_UNDECLARED_SELECTOR = YES;
				GCC_WARN_UNINITIALIZED_AUTOS = YES_AGGRESSIVE;
				GCC_WARN_UNUSED_FUNCTION = YES;
				GCC_WARN_UNUSED_VARIABLE = YES;
				IPHONEOS_DEPLOYMENT_TARGET = 12.1;
				MTL_ENABLE_DEBUG_INFO = INCLUDE_SOURCE;
				MTL_FAST_MATH = YES;
				ONLY_ACTIVE_ARCH = YES;
				SDKROOT = iphoneos;
				SWIFT_ACTIVE_COMPILATION_CONDITIONS = DEBUG;
				SWIFT_OPTIMIZATION_LEVEL = "-Onone";
			};
			name = Debug;
		};
		BE1413A0218A18C8003C9E0E /* Release */ = {
			isa = XCBuildConfiguration;
			buildSettings = {
				ALWAYS_SEARCH_USER_PATHS = NO;
				CLANG_ANALYZER_NONNULL = YES;
				CLANG_ANALYZER_NUMBER_OBJECT_CONVERSION = YES_AGGRESSIVE;
				CLANG_CXX_LANGUAGE_STANDARD = "gnu++14";
				CLANG_CXX_LIBRARY = "libc++";
				CLANG_ENABLE_MODULES = YES;
				CLANG_ENABLE_OBJC_ARC = YES;
				CLANG_ENABLE_OBJC_WEAK = YES;
				CLANG_WARN_BLOCK_CAPTURE_AUTORELEASING = YES;
				CLANG_WARN_BOOL_CONVERSION = YES;
				CLANG_WARN_COMMA = YES;
				CLANG_WARN_CONSTANT_CONVERSION = YES;
				CLANG_WARN_DEPRECATED_OBJC_IMPLEMENTATIONS = YES;
				CLANG_WARN_DIRECT_OBJC_ISA_USAGE = YES_ERROR;
				CLANG_WARN_DOCUMENTATION_COMMENTS = YES;
				CLANG_WARN_EMPTY_BODY = YES;
				CLANG_WARN_ENUM_CONVERSION = YES;
				CLANG_WARN_INFINITE_RECURSION = YES;
				CLANG_WARN_INT_CONVERSION = YES;
				CLANG_WARN_NON_LITERAL_NULL_CONVERSION = YES;
				CLANG_WARN_OBJC_IMPLICIT_RETAIN_SELF = YES;
				CLANG_WARN_OBJC_LITERAL_CONVERSION = YES;
				CLANG_WARN_OBJC_ROOT_CLASS = YES_ERROR;
				CLANG_WARN_RANGE_LOOP_ANALYSIS = YES;
				CLANG_WARN_STRICT_PROTOTYPES = YES;
				CLANG_WARN_SUSPICIOUS_MOVE = YES;
				CLANG_WARN_UNGUARDED_AVAILABILITY = YES_AGGRESSIVE;
				CLANG_WARN_UNREACHABLE_CODE = YES;
				CLANG_WARN__DUPLICATE_METHOD_MATCH = YES;
				CODE_SIGN_IDENTITY = "iPhone Developer";
				COPY_PHASE_STRIP = NO;
				DEBUG_INFORMATION_FORMAT = "dwarf-with-dsym";
				ENABLE_NS_ASSERTIONS = NO;
				ENABLE_STRICT_OBJC_MSGSEND = YES;
				GCC_C_LANGUAGE_STANDARD = gnu11;
				GCC_NO_COMMON_BLOCKS = YES;
				GCC_WARN_64_TO_32_BIT_CONVERSION = YES;
				GCC_WARN_ABOUT_RETURN_TYPE = YES_ERROR;
				GCC_WARN_UNDECLARED_SELECTOR = YES;
				GCC_WARN_UNINITIALIZED_AUTOS = YES_AGGRESSIVE;
				GCC_WARN_UNUSED_FUNCTION = YES;
				GCC_WARN_UNUSED_VARIABLE = YES;
				IPHONEOS_DEPLOYMENT_TARGET = 12.1;
				MTL_ENABLE_DEBUG_INFO = NO;
				MTL_FAST_MATH = YES;
				SDKROOT = iphoneos;
				SWIFT_COMPILATION_MODE = wholemodule;
				SWIFT_OPTIMIZATION_LEVEL = "-O";
				VALIDATE_PRODUCT = YES;
			};
			name = Release;
		};
		BE1413A2218A18C8003C9E0E /* Debug */ = {
			isa = XCBuildConfiguration;
			baseConfigurationReference = 5112ECCB0A00A0336034379A /* Pods-SickBoys.debug.xcconfig */;
			buildSettings = {
				ASSETCATALOG_COMPILER_APPICON_NAME = AppIcon;
				CLANG_ENABLE_MODULES = YES;
				CODE_SIGN_STYLE = Automatic;
				DEVELOPMENT_TEAM = WN73YQF7YT;
				INFOPLIST_FILE = SickBoys/Info.plist;
				LD_RUNPATH_SEARCH_PATHS = (
					"$(inherited)",
					"@executable_path/Frameworks",
				);
				PRODUCT_BUNDLE_IDENTIFIER = com.wrj.SickBoys;
				PRODUCT_NAME = "$(TARGET_NAME)";
				SWIFT_OBJC_BRIDGING_HEADER = "SickBoys/SickBoys-Bridging-Header.h";
				SWIFT_OPTIMIZATION_LEVEL = "-Onone";
				SWIFT_VERSION = 4.2;
				TARGETED_DEVICE_FAMILY = "1,2";
			};
			name = Debug;
		};
		BE1413A3218A18C8003C9E0E /* Release */ = {
			isa = XCBuildConfiguration;
			baseConfigurationReference = 0E3CFF30C0F80E63E9D1FB0E /* Pods-SickBoys.release.xcconfig */;
			buildSettings = {
				ASSETCATALOG_COMPILER_APPICON_NAME = AppIcon;
				CLANG_ENABLE_MODULES = YES;
				CODE_SIGN_STYLE = Automatic;
				DEVELOPMENT_TEAM = WN73YQF7YT;
				INFOPLIST_FILE = SickBoys/Info.plist;
				LD_RUNPATH_SEARCH_PATHS = (
					"$(inherited)",
					"@executable_path/Frameworks",
				);
				PRODUCT_BUNDLE_IDENTIFIER = com.wrj.SickBoys;
				PRODUCT_NAME = "$(TARGET_NAME)";
				SWIFT_OBJC_BRIDGING_HEADER = "SickBoys/SickBoys-Bridging-Header.h";
				SWIFT_VERSION = 4.2;
				TARGETED_DEVICE_FAMILY = "1,2";
			};
			name = Release;
		};
		BE1413A5218A18C8003C9E0E /* Debug */ = {
			isa = XCBuildConfiguration;
			baseConfigurationReference = 6F5CDC6AF6E17B06F0A69EC5 /* Pods-SickBoysTests.debug.xcconfig */;
			buildSettings = {
				ALWAYS_EMBED_SWIFT_STANDARD_LIBRARIES = YES;
				BUNDLE_LOADER = "$(TEST_HOST)";
				CODE_SIGN_STYLE = Automatic;
				INFOPLIST_FILE = SickBoysTests/Info.plist;
				LD_RUNPATH_SEARCH_PATHS = (
					"$(inherited)",
					"@executable_path/Frameworks",
					"@loader_path/Frameworks",
				);
				PRODUCT_BUNDLE_IDENTIFIER = com.wrj.SickBoysTests;
				PRODUCT_NAME = "$(TARGET_NAME)";
				SWIFT_VERSION = 4.2;
				TARGETED_DEVICE_FAMILY = "1,2";
				TEST_HOST = "$(BUILT_PRODUCTS_DIR)/SickBoys.app/SickBoys";
			};
			name = Debug;
		};
		BE1413A6218A18C8003C9E0E /* Release */ = {
			isa = XCBuildConfiguration;
			baseConfigurationReference = 608B3A5EC261D0830E79C538 /* Pods-SickBoysTests.release.xcconfig */;
			buildSettings = {
				ALWAYS_EMBED_SWIFT_STANDARD_LIBRARIES = YES;
				BUNDLE_LOADER = "$(TEST_HOST)";
				CODE_SIGN_STYLE = Automatic;
				INFOPLIST_FILE = SickBoysTests/Info.plist;
				LD_RUNPATH_SEARCH_PATHS = (
					"$(inherited)",
					"@executable_path/Frameworks",
					"@loader_path/Frameworks",
				);
				PRODUCT_BUNDLE_IDENTIFIER = com.wrj.SickBoysTests;
				PRODUCT_NAME = "$(TARGET_NAME)";
				SWIFT_VERSION = 4.2;
				TARGETED_DEVICE_FAMILY = "1,2";
				TEST_HOST = "$(BUILT_PRODUCTS_DIR)/SickBoys.app/SickBoys";
			};
			name = Release;
		};
		BE1413A8218A18C8003C9E0E /* Debug */ = {
			isa = XCBuildConfiguration;
			baseConfigurationReference = 10B29F5E1C216C0C13469C9A /* Pods-SickBoysUITests.debug.xcconfig */;
			buildSettings = {
				ALWAYS_EMBED_SWIFT_STANDARD_LIBRARIES = YES;
				CODE_SIGN_STYLE = Automatic;
				INFOPLIST_FILE = SickBoysUITests/Info.plist;
				LD_RUNPATH_SEARCH_PATHS = (
					"$(inherited)",
					"@executable_path/Frameworks",
					"@loader_path/Frameworks",
				);
				PRODUCT_BUNDLE_IDENTIFIER = com.wrj.SickBoysUITests;
				PRODUCT_NAME = "$(TARGET_NAME)";
				SWIFT_VERSION = 4.2;
				TARGETED_DEVICE_FAMILY = "1,2";
				TEST_TARGET_NAME = SickBoys;
			};
			name = Debug;
		};
		BE1413A9218A18C8003C9E0E /* Release */ = {
			isa = XCBuildConfiguration;
			baseConfigurationReference = 1DE59363FEAC3A8CB2F7C8EB /* Pods-SickBoysUITests.release.xcconfig */;
			buildSettings = {
				ALWAYS_EMBED_SWIFT_STANDARD_LIBRARIES = YES;
				CODE_SIGN_STYLE = Automatic;
				INFOPLIST_FILE = SickBoysUITests/Info.plist;
				LD_RUNPATH_SEARCH_PATHS = (
					"$(inherited)",
					"@executable_path/Frameworks",
					"@loader_path/Frameworks",
				);
				PRODUCT_BUNDLE_IDENTIFIER = com.wrj.SickBoysUITests;
				PRODUCT_NAME = "$(TARGET_NAME)";
				SWIFT_VERSION = 4.2;
				TARGETED_DEVICE_FAMILY = "1,2";
				TEST_TARGET_NAME = SickBoys;
			};
			name = Release;
		};
/* End XCBuildConfiguration section */

/* Begin XCConfigurationList section */
		BE141374218A18C2003C9E0E /* Build configuration list for PBXProject "SickBoys" */ = {
			isa = XCConfigurationList;
			buildConfigurations = (
				BE14139F218A18C8003C9E0E /* Debug */,
				BE1413A0218A18C8003C9E0E /* Release */,
			);
			defaultConfigurationIsVisible = 0;
			defaultConfigurationName = Release;
		};
		BE1413A1218A18C8003C9E0E /* Build configuration list for PBXNativeTarget "SickBoys" */ = {
			isa = XCConfigurationList;
			buildConfigurations = (
				BE1413A2218A18C8003C9E0E /* Debug */,
				BE1413A3218A18C8003C9E0E /* Release */,
			);
			defaultConfigurationIsVisible = 0;
			defaultConfigurationName = Release;
		};
		BE1413A4218A18C8003C9E0E /* Build configuration list for PBXNativeTarget "SickBoysTests" */ = {
			isa = XCConfigurationList;
			buildConfigurations = (
				BE1413A5218A18C8003C9E0E /* Debug */,
				BE1413A6218A18C8003C9E0E /* Release */,
			);
			defaultConfigurationIsVisible = 0;
			defaultConfigurationName = Release;
		};
		BE1413A7218A18C8003C9E0E /* Build configuration list for PBXNativeTarget "SickBoysUITests" */ = {
			isa = XCConfigurationList;
			buildConfigurations = (
				BE1413A8218A18C8003C9E0E /* Debug */,
				BE1413A9218A18C8003C9E0E /* Release */,
			);
			defaultConfigurationIsVisible = 0;
			defaultConfigurationName = Release;
		};
/* End XCConfigurationList section */

/* Begin XCVersionGroup section */
		BEB7A7CF21A80BDD00DE1CB6 /* sickBoys.xcdatamodeld */ = {
			isa = XCVersionGroup;
			children = (
				BEB7A7D021A80BDD00DE1CB6 /* sickBoys.xcdatamodel */,
			);
			currentVersion = BEB7A7D021A80BDD00DE1CB6 /* sickBoys.xcdatamodel */;
			path = sickBoys.xcdatamodeld;
			sourceTree = "<group>";
			versionGroupType = wrapper.xcdatamodel;
		};
/* End XCVersionGroup section */
	};
	rootObject = BE141371218A18C2003C9E0E /* Project object */;
}
